{
  "version": 4,
  "terraform_version": "1.6.6",
  "serial": 47,
  "lineage": "354a7c81-1a15-fb15-1b8b-bc829dec2c14",
  "outputs": {
    "api_endpoint": {
      "value": "https://yejx2c8tv3.execute-api.us-west-2.amazonaws.com/dev/recommendations",
      "type": "string"
    },
    "cloudwatch_log_group_name": {
      "value": "/aws/apigateway/restaurant-recommendation-dev",
      "type": "string"
    },
    "dynamodb_table_name": {
      "value": "restaurant-recommendation-dev",
      "type": "string"
    },
    "kms_key_alias": {
      "value": "alias/restaurant-recommendation-cloudwatch-logs-dev",
      "type": "string"
    },
    "kms_key_arn": {
      "value": "arn:aws:kms:us-west-2:575030571882:key/8a7003ee-c5d8-4477-bdd1-addf6a891f7b",
      "type": "string"
    },
    "lambda_function_name": {
      "value": "restaurant-recommendation-dev",
      "type": "string"
    }
  },
  "resources": [
    {
      "module": "module.api_gateway",
      "mode": "managed",
      "type": "aws_apigatewayv2_api",
      "name": "restaurant_api",
      "provider": "provider[\"registry.terraform.io/hashicorp/aws\"]",
      "instances": [
        {
          "schema_version": 0,
          "attributes": {
            "api_endpoint": "https://yejx2c8tv3.execute-api.us-west-2.amazonaws.com",
            "api_key_selection_expression": "$request.header.x-api-key",
            "arn": "arn:aws:apigateway:us-west-2::/apis/yejx2c8tv3",
            "body": null,
            "cors_configuration": [],
            "credentials_arn": null,
            "description": "",
            "disable_execute_api_endpoint": false,
            "execution_arn": "arn:aws:execute-api:us-west-2:575030571882:yejx2c8tv3",
            "fail_on_warnings": null,
            "id": "yejx2c8tv3",
            "name": "restaurant-recommendation-api",
            "protocol_type": "HTTP",
            "route_key": null,
            "route_selection_expression": "$request.method $request.path",
            "tags": {
              "Environment": "dev",
              "ManagedBy": "Terraform",
              "Name": "restaurant-recommendation-api",
              "Project": "restaurant-recommendation"
            },
            "tags_all": {
              "Environment": "dev",
              "ManagedBy": "Terraform",
              "Name": "restaurant-recommendation-api",
              "Project": "restaurant-recommendation"
            },
            "target": null,
            "version": ""
          },
          "sensitive_attributes": [],
          "private": "bnVsbA=="
        }
      ]
    },
    {
      "module": "module.api_gateway",
      "mode": "managed",
      "type": "aws_apigatewayv2_integration",
      "name": "lambda_integration",
      "provider": "provider[\"registry.terraform.io/hashicorp/aws\"]",
      "instances": [
        {
          "schema_version": 0,
          "attributes": {
            "api_id": "yejx2c8tv3",
            "connection_id": "",
            "connection_type": "INTERNET",
            "content_handling_strategy": "",
            "credentials_arn": "",
            "description": "Lambda integration",
            "id": "k6sxdjh",
            "integration_method": "POST",
            "integration_response_selection_expression": "",
            "integration_subtype": "",
            "integration_type": "AWS_PROXY",
            "integration_uri": "arn:aws:apigateway:us-west-2:lambda:path/2015-03-31/functions/arn:aws:lambda:us-west-2:575030571882:function:restaurant-recommendation-dev/invocations",
            "passthrough_behavior": "",
            "payload_format_version": "1.0",
            "request_parameters": {},
            "request_templates": {},
            "response_parameters": [],
            "template_selection_expression": "",
            "timeout_milliseconds": 30000,
            "tls_config": []
          },
          "sensitive_attributes": [],
          "private": "bnVsbA==",
          "dependencies": [
            "module.api_gateway.aws_apigatewayv2_api.restaurant_api",
            "module.dynamodb.aws_dynamodb_table.restaurants",
            "module.lambda.aws_iam_role.lambda_role",
            "module.lambda.aws_lambda_function.restaurant_recommendation"
          ]
        }
      ]
    },
    {
      "module": "module.api_gateway",
      "mode": "managed",
      "type": "aws_apigatewayv2_route",
      "name": "routes",
      "provider": "provider[\"registry.terraform.io/hashicorp/aws\"]",
      "instances": [
        {
          "index_key": "GET /recommendations",
          "schema_version": 0,
          "attributes": {
            "api_id": "yejx2c8tv3",
            "api_key_required": false,
            "authorization_scopes": [],
            "authorization_type": "NONE",
            "authorizer_id": "",
            "id": "98sm3u7",
            "model_selection_expression": "",
            "operation_name": "",
            "request_models": {},
            "request_parameter": [],
            "route_key": "GET /recommendations",
            "route_response_selection_expression": "",
            "target": "integrations/k6sxdjh"
          },
          "sensitive_attributes": [],
          "private": "bnVsbA==",
          "dependencies": [
            "module.api_gateway.aws_apigatewayv2_api.restaurant_api",
            "module.api_gateway.aws_apigatewayv2_integration.lambda_integration",
            "module.dynamodb.aws_dynamodb_table.restaurants",
            "module.lambda.aws_iam_role.lambda_role",
            "module.lambda.aws_lambda_function.restaurant_recommendation"
          ]
        }
      ]
    },
    {
      "module": "module.api_gateway",
      "mode": "managed",
      "type": "aws_apigatewayv2_stage",
      "name": "restaurant_api_stage",
      "provider": "provider[\"registry.terraform.io/hashicorp/aws\"]",
      "instances": [
        {
          "schema_version": 0,
          "attributes": {
            "access_log_settings": [
              {
                "destination_arn": "arn:aws:logs:us-west-2:575030571882:log-group:/aws/apigateway/restaurant-recommendation-dev",
                "format": "{\"httpMethod\":\"$context.httpMethod\",\"ip\":\"$context.identity.sourceIp\",\"protocol\":\"$context.protocol\",\"requestId\":\"$context.requestId\",\"requestTime\":\"$context.requestTime\",\"responseTime\":\"$context.responseLatency\",\"routeKey\":\"$context.routeKey\",\"status\":\"$context.status\"}"
              }
            ],
            "api_id": "yejx2c8tv3",
            "arn": "arn:aws:apigateway:us-west-2::/apis/yejx2c8tv3/stages/dev",
            "auto_deploy": true,
            "client_certificate_id": "",
            "default_route_settings": [
              {
                "data_trace_enabled": false,
                "detailed_metrics_enabled": false,
                "logging_level": "",
                "throttling_burst_limit": 0,
                "throttling_rate_limit": 0
              }
            ],
            "deployment_id": "o24sz1",
            "description": "",
            "execution_arn": "arn:aws:execute-api:us-west-2:575030571882:yejx2c8tv3/dev",
            "id": "dev",
            "invoke_url": "https://yejx2c8tv3.execute-api.us-west-2.amazonaws.com/dev",
            "name": "dev",
            "route_settings": [],
            "stage_variables": {},
            "tags": {},
            "tags_all": {}
          },
          "sensitive_attributes": [],
          "private": "bnVsbA==",
          "dependencies": [
            "module.api_gateway.aws_apigatewayv2_api.restaurant_api",
            "module.api_gateway.aws_cloudwatch_log_group.api_logs",
            "module.kms.aws_kms_key.cloudwatch_logs",
            "module.kms.data.aws_caller_identity.current"
          ]
        }
      ]
    },
    {
      "module": "module.api_gateway",
      "mode": "managed",
      "type": "aws_cloudwatch_log_group",
      "name": "api_logs",
      "provider": "provider[\"registry.terraform.io/hashicorp/aws\"]",
      "instances": [
        {
          "schema_version": 0,
          "attributes": {
            "arn": "arn:aws:logs:us-west-2:575030571882:log-group:/aws/apigateway/restaurant-recommendation-dev",
            "id": "/aws/apigateway/restaurant-recommendation-dev",
            "kms_key_id": "arn:aws:kms:us-west-2:575030571882:key/8a7003ee-c5d8-4477-bdd1-addf6a891f7b",
            "name": "/aws/apigateway/restaurant-recommendation-dev",
            "name_prefix": "",
            "retention_in_days": 30,
            "skip_destroy": false,
            "tags": {
              "Environment": "dev",
              "ManagedBy": "Terraform",
              "Name": "restaurant-recommendation-api-logs",
              "Project": "restaurant-recommendation"
            },
            "tags_all": {
              "Environment": "dev",
              "ManagedBy": "Terraform",
              "Name": "restaurant-recommendation-api-logs",
              "Project": "restaurant-recommendation"
            }
          },
          "sensitive_attributes": [],
          "private": "bnVsbA==",
          "dependencies": [
            "module.kms.aws_kms_key.cloudwatch_logs",
            "module.kms.data.aws_caller_identity.current"
          ]
        }
      ]
    },
    {
      "module": "module.api_gateway",
      "mode": "managed",
      "type": "aws_lambda_permission",
      "name": "api_gw",
      "provider": "provider[\"registry.terraform.io/hashicorp/aws\"]",
      "instances": [
        {
          "schema_version": 0,
          "attributes": {
            "action": "lambda:InvokeFunction",
            "event_source_token": null,
            "function_name": "restaurant-recommendation-dev",
            "function_url_auth_type": null,
            "id": "AllowExecutionFromAPIGateway",
            "principal": "apigateway.amazonaws.com",
            "principal_org_id": null,
            "qualifier": "",
            "source_account": null,
            "source_arn": "arn:aws:execute-api:us-west-2:575030571882:yejx2c8tv3/*/*",
            "statement_id": "AllowExecutionFromAPIGateway",
            "statement_id_prefix": ""
          },
          "sensitive_attributes": [],
          "private": "bnVsbA==",
          "dependencies": [
            "module.api_gateway.aws_apigatewayv2_api.restaurant_api",
            "module.dynamodb.aws_dynamodb_table.restaurants",
            "module.lambda.aws_iam_role.lambda_role",
            "module.lambda.aws_lambda_function.restaurant_recommendation"
          ]
        }
      ]
    },
    {
      "module": "module.dynamodb",
      "mode": "managed",
      "type": "aws_dynamodb_table",
      "name": "restaurants",
      "provider": "provider[\"registry.terraform.io/hashicorp/aws\"]",
      "instances": [
        {
          "schema_version": 1,
          "attributes": {
            "arn": "arn:aws:dynamodb:us-west-2:575030571882:table/restaurant-recommendation-dev",
            "attribute": [
              {
                "name": "id",
                "type": "S"
              },
              {
                "name": "style",
                "type": "S"
              },
              {
                "name": "vegetarian",
                "type": "S"
              }
            ],
            "billing_mode": "PAY_PER_REQUEST",
            "deletion_protection_enabled": false,
            "global_secondary_index": [
              {
                "hash_key": "style",
                "name": "StyleVegetarianIndex",
                "non_key_attributes": [],
                "projection_type": "ALL",
                "range_key": "vegetarian",
                "read_capacity": null,
                "write_capacity": null
              }
            ],
            "hash_key": "id",
            "id": "restaurant-recommendation-dev",
            "local_secondary_index": [],
            "name": "restaurant-recommendation-dev",
            "point_in_time_recovery": [
              {
                "enabled": false
              }
            ],
            "range_key": null,
            "read_capacity": 0,
            "replica": [],
            "restore_date_time": null,
            "restore_source_name": null,
            "restore_to_latest_time": null,
            "server_side_encryption": [],
            "stream_arn": "",
            "stream_enabled": false,
            "stream_label": "",
            "stream_view_type": "",
            "table_class": "STANDARD",
            "tags": {
              "Environment": "dev",
              "ManagedBy": "Terraform",
              "Name": "restaurant-recommendation-dynamodb",
              "Project": "restaurant-recommendation"
            },
            "tags_all": {
              "Environment": "dev",
              "ManagedBy": "Terraform",
              "Name": "restaurant-recommendation-dynamodb",
              "Project": "restaurant-recommendation"
            },
            "timeouts": null,
            "ttl": [
              {
                "attribute_name": "",
                "enabled": false
              }
            ],
            "write_capacity": 0
          },
          "sensitive_attributes": [],
          "private": "eyJlMmJmYjczMC1lY2FhLTExZTYtOGY4OC0zNDM2M2JjN2M0YzAiOnsiY3JlYXRlIjoxODAwMDAwMDAwMDAwLCJkZWxldGUiOjYwMDAwMDAwMDAwMCwidXBkYXRlIjozNjAwMDAwMDAwMDAwfSwic2NoZW1hX3ZlcnNpb24iOiIxIn0="
        }
      ]
    },
    {
      "module": "module.kms",
      "mode": "data",
      "type": "aws_caller_identity",
      "name": "current",
      "provider": "provider[\"registry.terraform.io/hashicorp/aws\"]",
      "instances": [
        {
          "schema_version": 0,
          "attributes": {
            "account_id": "575030571882",
            "arn": "arn:aws:iam::575030571882:root",
            "id": "575030571882",
            "user_id": "575030571882"
          },
          "sensitive_attributes": []
        }
      ]
    },
    {
      "module": "module.kms",
      "mode": "managed",
      "type": "aws_kms_alias",
      "name": "cloudwatch_logs",
      "provider": "provider[\"registry.terraform.io/hashicorp/aws\"]",
      "instances": [
        {
          "schema_version": 0,
          "attributes": {
            "arn": "arn:aws:kms:us-west-2:575030571882:alias/restaurant-recommendation-cloudwatch-logs-dev",
            "id": "alias/restaurant-recommendation-cloudwatch-logs-dev",
            "name": "alias/restaurant-recommendation-cloudwatch-logs-dev",
            "name_prefix": "",
            "target_key_arn": "arn:aws:kms:us-west-2:575030571882:key/8a7003ee-c5d8-4477-bdd1-addf6a891f7b",
            "target_key_id": "8a7003ee-c5d8-4477-bdd1-addf6a891f7b"
          },
          "sensitive_attributes": [],
          "private": "bnVsbA==",
          "dependencies": [
            "module.kms.aws_kms_key.cloudwatch_logs",
            "module.kms.data.aws_caller_identity.current"
          ]
        }
      ]
    },
    {
      "module": "module.kms",
      "mode": "managed",
      "type": "aws_kms_key",
      "name": "cloudwatch_logs",
      "provider": "provider[\"registry.terraform.io/hashicorp/aws\"]",
      "instances": [
        {
          "schema_version": 0,
          "attributes": {
            "arn": "arn:aws:kms:us-west-2:575030571882:key/8a7003ee-c5d8-4477-bdd1-addf6a891f7b",
            "bypass_policy_lockout_safety_check": false,
            "custom_key_store_id": "",
            "customer_master_key_spec": "SYMMETRIC_DEFAULT",
            "deletion_window_in_days": 7,
            "description": "KMS key for CloudWatch Logs encryption",
            "enable_key_rotation": true,
            "id": "8a7003ee-c5d8-4477-bdd1-addf6a891f7b",
            "is_enabled": true,
            "key_id": "8a7003ee-c5d8-4477-bdd1-addf6a891f7b",
            "key_usage": "ENCRYPT_DECRYPT",
            "multi_region": false,
            "policy": "{\"Statement\":[{\"Action\":\"kms:*\",\"Effect\":\"Allow\",\"Principal\":{\"AWS\":\"arn:aws:iam::575030571882:root\"},\"Resource\":\"*\",\"Sid\":\"Enable IAM User Permissions\"},{\"Action\":[\"kms:Encrypt*\",\"kms:Decrypt*\",\"kms:ReEncrypt*\",\"kms:GenerateDataKey*\",\"kms:Describe*\"],\"Effect\":\"Allow\",\"Principal\":{\"Service\":\"logs.amazonaws.com\"},\"Resource\":\"*\",\"Sid\":\"Allow CloudWatch Logs\"},{\"Action\":[\"kms:Encrypt*\",\"kms:Decrypt*\",\"kms:ReEncrypt*\",\"kms:GenerateDataKey*\",\"kms:Describe*\"],\"Effect\":\"Allow\",\"Principal\":{\"Service\":\"lambda.amazonaws.com\"},\"Resource\":\"*\",\"Sid\":\"Allow Lambda\"}],\"Version\":\"2012-10-17\"}",
            "tags": {
              "Environment": "dev",
              "ManagedBy": "Terraform",
              "Name": "restaurant-recommendation-cloudwatch-logs-key",
              "Project": "restaurant-recommendation"
            },
            "tags_all": {
              "Environment": "dev",
              "ManagedBy": "Terraform",
              "Name": "restaurant-recommendation-cloudwatch-logs-key",
              "Project": "restaurant-recommendation"
            }
          },
          "sensitive_attributes": [],
          "private": "bnVsbA==",
          "dependencies": [
            "module.kms.data.aws_caller_identity.current"
          ]
        }
      ]
    },
    {
      "module": "module.lambda",
      "mode": "managed",
      "type": "aws_cloudwatch_log_group",
      "name": "lambda_logs",
      "provider": "provider[\"registry.terraform.io/hashicorp/aws\"]",
      "instances": [
        {
          "schema_version": 0,
          "attributes": {
            "arn": "arn:aws:logs:us-west-2:575030571882:log-group:/aws/lambda/restaurant-recommendation-dev",
            "id": "/aws/lambda/restaurant-recommendation-dev",
            "kms_key_id": "arn:aws:kms:us-west-2:575030571882:key/8a7003ee-c5d8-4477-bdd1-addf6a891f7b",
            "name": "/aws/lambda/restaurant-recommendation-dev",
            "name_prefix": "",
            "retention_in_days": 30,
            "skip_destroy": false,
            "tags": {
              "Environment": "dev",
              "ManagedBy": "Terraform",
              "Name": "restaurant-recommendation-lambda-logs",
              "Project": "restaurant-recommendation"
            },
            "tags_all": {
              "Environment": "dev",
              "ManagedBy": "Terraform",
              "Name": "restaurant-recommendation-lambda-logs",
              "Project": "restaurant-recommendation"
            }
          },
          "sensitive_attributes": [],
          "private": "bnVsbA==",
          "dependencies": [
            "module.kms.aws_kms_key.cloudwatch_logs",
            "module.kms.data.aws_caller_identity.current"
          ]
        }
      ]
    },
    {
      "module": "module.lambda",
      "mode": "managed",
      "type": "aws_iam_role",
      "name": "lambda_role",
      "provider": "provider[\"registry.terraform.io/hashicorp/aws\"]",
      "instances": [
        {
          "schema_version": 0,
          "attributes": {
            "arn": "arn:aws:iam::575030571882:role/restaurant-recommendation-lambda-role-dev",
            "assume_role_policy": "{\"Statement\":[{\"Action\":\"sts:AssumeRole\",\"Effect\":\"Allow\",\"Principal\":{\"Service\":\"lambda.amazonaws.com\"}}],\"Version\":\"2012-10-17\"}",
            "create_date": "2025-05-08T07:33:51Z",
            "description": "",
            "force_detach_policies": false,
            "id": "restaurant-recommendation-lambda-role-dev",
            "inline_policy": [
              {
                "name": "restaurant-recommendation-lambda-policy-dev",
                "policy": "{\"Version\":\"2012-10-17\",\"Statement\":[{\"Action\":[\"dynamodb:GetItem\",\"dynamodb:Query\",\"dynamodb:Scan\"],\"Effect\":\"Allow\",\"Resource\":\"arn:aws:dynamodb:us-west-2:575030571882:table/restaurant-recommendation-dev\"},{\"Action\":[\"logs:CreateLogGroup\",\"logs:CreateLogStream\",\"logs:PutLogEvents\"],\"Effect\":\"Allow\",\"Resource\":[\"arn:aws:logs:us-west-2:575030571882:log-group:/aws/lambda/restaurant-recommendation-dev\",\"arn:aws:logs:us-west-2:575030571882:log-group:/aws/lambda/restaurant-recommendation-dev:*\"]},{\"Action\":[\"kms:Decrypt\",\"kms:DescribeKey\",\"kms:Encrypt\",\"kms:ReEncrypt*\",\"kms:GenerateDataKey*\"],\"Effect\":\"Allow\",\"Resource\":\"arn:aws:kms:us-west-2:575030571882:key/8a7003ee-c5d8-4477-bdd1-addf6a891f7b\"}]}"
              }
            ],
            "managed_policy_arns": [],
            "max_session_duration": 3600,
            "name": "restaurant-recommendation-lambda-role-dev",
            "name_prefix": "",
            "path": "/",
            "permissions_boundary": null,
            "role_last_used": [
              {
                "last_used_date": "2025-05-08T11:37:45Z",
                "region": "us-west-2"
              }
            ],
            "tags": {
              "Environment": "dev",
              "ManagedBy": "Terraform",
              "Name": "restaurant-recommendation-lambda-role",
              "Project": "restaurant-recommendation"
            },
            "tags_all": {
              "Environment": "dev",
              "ManagedBy": "Terraform",
              "Name": "restaurant-recommendation-lambda-role",
              "Project": "restaurant-recommendation"
            },
            "unique_id": "AROAYLYT6GNVPSH3FKPZE"
          },
          "sensitive_attributes": [],
          "private": "bnVsbA=="
        }
      ]
    },
    {
      "module": "module.lambda",
      "mode": "managed",
      "type": "aws_iam_role_policy",
      "name": "lambda_policy",
      "provider": "provider[\"registry.terraform.io/hashicorp/aws\"]",
      "instances": [
        {
          "schema_version": 0,
          "attributes": {
            "id": "restaurant-recommendation-lambda-role-dev:restaurant-recommendation-lambda-policy-dev",
            "name": "restaurant-recommendation-lambda-policy-dev",
            "name_prefix": null,
            "policy": "{\"Version\":\"2012-10-17\",\"Statement\":[{\"Action\":[\"dynamodb:GetItem\",\"dynamodb:Query\",\"dynamodb:Scan\"],\"Effect\":\"Allow\",\"Resource\":\"arn:aws:dynamodb:us-west-2:575030571882:table/restaurant-recommendation-dev\"},{\"Action\":[\"logs:CreateLogGroup\",\"logs:CreateLogStream\",\"logs:PutLogEvents\"],\"Effect\":\"Allow\",\"Resource\":[\"arn:aws:logs:us-west-2:575030571882:log-group:/aws/lambda/restaurant-recommendation-dev\",\"arn:aws:logs:us-west-2:575030571882:log-group:/aws/lambda/restaurant-recommendation-dev:*\"]},{\"Action\":[\"kms:Decrypt\",\"kms:DescribeKey\",\"kms:Encrypt\",\"kms:ReEncrypt*\",\"kms:GenerateDataKey*\"],\"Effect\":\"Allow\",\"Resource\":\"arn:aws:kms:us-west-2:575030571882:key/8a7003ee-c5d8-4477-bdd1-addf6a891f7b\"}]}",
            "role": "restaurant-recommendation-lambda-role-dev"
          },
          "sensitive_attributes": [],
          "private": "bnVsbA==",
          "dependencies": [
            "module.dynamodb.aws_dynamodb_table.restaurants",
            "module.kms.aws_kms_key.cloudwatch_logs",
            "module.kms.data.aws_caller_identity.current",
            "module.lambda.aws_cloudwatch_log_group.lambda_logs",
            "module.lambda.aws_iam_role.lambda_role"
          ]
        }
      ]
    },
    {
      "module": "module.lambda",
      "mode": "managed",
      "type": "aws_lambda_function",
      "name": "restaurant_recommendation",
      "provider": "provider[\"registry.terraform.io/hashicorp/aws\"]",
      "instances": [
        {
          "schema_version": 0,
          "attributes": {
            "architectures": [
              "x86_64"
            ],
            "arn": "arn:aws:lambda:us-west-2:575030571882:function:restaurant-recommendation-dev",
            "code_signing_config_arn": "",
            "dead_letter_config": [],
            "description": "",
            "environment": [
              {
                "variables": {
                  "DYNAMODB_TABLE": "restaurant-recommendation-dev",
                  "ENVIRONMENT": "dev"
                }
              }
            ],
            "ephemeral_storage": [
              {
                "size": 512
              }
            ],
            "file_system_config": [],
            "filename": "../../../../src/lambda/function.zip",
            "function_name": "restaurant-recommendation-dev",
            "handler": "app.lambda_handler",
            "id": "restaurant-recommendation-dev",
            "image_config": [],
            "image_uri": "",
            "invoke_arn": "arn:aws:apigateway:us-west-2:lambda:path/2015-03-31/functions/arn:aws:lambda:us-west-2:575030571882:function:restaurant-recommendation-dev/invocations",
            "kms_key_arn": "",
            "last_modified": "2025-05-08T11:44:52.000+0000",
            "layers": [],
            "memory_size": 128,
            "package_type": "Zip",
            "publish": false,
            "qualified_arn": "arn:aws:lambda:us-west-2:575030571882:function:restaurant-recommendation-dev:$LATEST",
            "qualified_invoke_arn": "arn:aws:apigateway:us-west-2:lambda:path/2015-03-31/functions/arn:aws:lambda:us-west-2:575030571882:function:restaurant-recommendation-dev:$LATEST/invocations",
            "replace_security_groups_on_destroy": null,
            "replacement_security_group_ids": null,
            "reserved_concurrent_executions": -1,
            "role": "arn:aws:iam::575030571882:role/restaurant-recommendation-lambda-role-dev",
            "runtime": "python3.10",
            "s3_bucket": null,
            "s3_key": null,
            "s3_object_version": null,
            "signing_job_arn": "",
            "signing_profile_version_arn": "",
            "skip_destroy": false,
            "snap_start": [],
            "source_code_hash": "JHvsClHfKQ4VFbz9i9Fzg/d/BJRY0hD+tNOdQQH0B0g=",
            "source_code_size": 11708403,
            "tags": {
              "Environment": "dev",
              "ManagedBy": "Terraform",
              "Name": "restaurant-recommendation-lambda",
              "Project": "restaurant-recommendation"
            },
            "tags_all": {
              "Environment": "dev",
              "ManagedBy": "Terraform",
              "Name": "restaurant-recommendation-lambda",
              "Project": "restaurant-recommendation"
            },
            "timeout": 30,
            "timeouts": null,
            "tracing_config": [
              {
                "mode": "PassThrough"
              }
            ],
            "version": "$LATEST",
            "vpc_config": []
          },
          "sensitive_attributes": [],
          "private": "eyJlMmJmYjczMC1lY2FhLTExZTYtOGY4OC0zNDM2M2JjN2M0YzAiOnsiY3JlYXRlIjo2MDAwMDAwMDAwMDAsImRlbGV0ZSI6NjAwMDAwMDAwMDAwLCJ1cGRhdGUiOjYwMDAwMDAwMDAwMH19",
          "dependencies": [
            "module.dynamodb.aws_dynamodb_table.restaurants",
            "module.lambda.aws_iam_role.lambda_role"
          ]
        }
      ]
    }
  ],
  "check_results": []
}
